
Microsoft Visual Studio Solution File, Format Version 12.00
# Visual Studio 15
VisualStudioVersion = 15.0.27428.2015
MinimumVisualStudioVersion = 10.0.40219.1
Project("{2150E333-8FDC-42A3-9474-1A3956D46DE8}") = "DataAccess", "DataAccess", "{7D0B424D-4EF8-4213-8777-D97F9DF3B2BF}"
EndProject
Project("{2150E333-8FDC-42A3-9474-1A3956D46DE8}") = "Service", "Service", "{D4926EB4-58EE-4738-AEF7-255F27B311C7}"
EndProject
Project("{2150E333-8FDC-42A3-9474-1A3956D46DE8}") = "Presentation", "Presentation", "{7D21C3A8-D000-4724-9872-6A90C3D8FDB4}"
EndProject
Project("{2150E333-8FDC-42A3-9474-1A3956D46DE8}") = "Infrastructure", "Infrastructure", "{F814353A-A1B2-4299-BE64-F2CBBB6E065E}"
EndProject
Project("{2150E333-8FDC-42A3-9474-1A3956D46DE8}") = "Test", "Test", "{D4EF8CED-E093-4413-8AB9-1A270D82BABB}"
EndProject
Project("{2150E333-8FDC-42A3-9474-1A3956D46DE8}") = "Controllers", "Controllers", "{40CD9C94-E4C0-42AE-8A03-5A07294F126E}"
EndProject
Project("{FAE04EC0-301F-11D3-BF4B-00C04F79EFBC}") = "MyBookShop.Web", "MyBookShop.Web\MyBookShop.Web.csproj", "{350360F1-F4B1-4553-A66E-8D8BA4A193BD}"
EndProject
Project("{FAE04EC0-301F-11D3-BF4B-00C04F79EFBC}") = "MyBookShop.Admin", "MyBookShop.Admin\MyBookShop.Admin.csproj", "{C5057134-9796-42E7-92FE-5A8D2150508C}"
EndProject
Project("{2150E333-8FDC-42A3-9474-1A3956D46DE8}") = "Models", "Models", "{C41960DB-69EA-4009-B106-D24D4A6C45B1}"
EndProject
Project("{FAE04EC0-301F-11D3-BF4B-00C04F79EFBC}") = "MyBookShop.Web.UI", "MyBookShop.Web.UI\MyBookShop.Web.UI.csproj", "{571C6580-73A6-4445-8490-250ED3BDCDE3}"
EndProject
Project("{FAE04EC0-301F-11D3-BF4B-00C04F79EFBC}") = "MyBookShop.Admin.UI", "MyBookShop.Admin.UI\MyBookShop.Admin.UI.csproj", "{EB61AABC-32C5-40FD-AE06-0A8037E627C3}"
EndProject
Project("{FAE04EC0-301F-11D3-BF4B-00C04F79EFBC}") = "MyBookShop.Repository", "MyBookShop.Repository\MyBookShop.Repository.csproj", "{F7570471-8DFE-422A-8AE2-4558B43A9232}"
EndProject
Project("{FAE04EC0-301F-11D3-BF4B-00C04F79EFBC}") = "MyBookShop.Models", "MyBookShop.Models\MyBookShop.Models.csproj", "{647CC213-9CAD-4140-8B20-F338CC210BE5}"
EndProject
Project("{FAE04EC0-301F-11D3-BF4B-00C04F79EFBC}") = "MyBookShop.Common", "MyBookShop.Common\MyBookShop.Common.csproj", "{59A6A1D7-7A82-4475-AFE4-332E0BB656C9}"
EndProject
Project("{FAE04EC0-301F-11D3-BF4B-00C04F79EFBC}") = "MyBookShop.Service", "MyBookShop.Service\MyBookShop.Service.csproj", "{31D999D8-5351-4454-AD97-9FB6757156AF}"
EndProject
Global
	GlobalSection(SolutionConfigurationPlatforms) = preSolution
		Debug|Any CPU = Debug|Any CPU
		Release|Any CPU = Release|Any CPU
	EndGlobalSection
	GlobalSection(ProjectConfigurationPlatforms) = postSolution
		{350360F1-F4B1-4553-A66E-8D8BA4A193BD}.Debug|Any CPU.ActiveCfg = Debug|Any CPU
		{350360F1-F4B1-4553-A66E-8D8BA4A193BD}.Debug|Any CPU.Build.0 = Debug|Any CPU
		{350360F1-F4B1-4553-A66E-8D8BA4A193BD}.Release|Any CPU.ActiveCfg = Release|Any CPU
		{350360F1-F4B1-4553-A66E-8D8BA4A193BD}.Release|Any CPU.Build.0 = Release|Any CPU
		{C5057134-9796-42E7-92FE-5A8D2150508C}.Debug|Any CPU.ActiveCfg = Debug|Any CPU
		{C5057134-9796-42E7-92FE-5A8D2150508C}.Debug|Any CPU.Build.0 = Debug|Any CPU
		{C5057134-9796-42E7-92FE-5A8D2150508C}.Release|Any CPU.ActiveCfg = Release|Any CPU
		{C5057134-9796-42E7-92FE-5A8D2150508C}.Release|Any CPU.Build.0 = Release|Any CPU
		{571C6580-73A6-4445-8490-250ED3BDCDE3}.Debug|Any CPU.ActiveCfg = Debug|Any CPU
		{571C6580-73A6-4445-8490-250ED3BDCDE3}.Debug|Any CPU.Build.0 = Debug|Any CPU
		{571C6580-73A6-4445-8490-250ED3BDCDE3}.Release|Any CPU.ActiveCfg = Release|Any CPU
		{571C6580-73A6-4445-8490-250ED3BDCDE3}.Release|Any CPU.Build.0 = Release|Any CPU
		{EB61AABC-32C5-40FD-AE06-0A8037E627C3}.Debug|Any CPU.ActiveCfg = Debug|Any CPU
		{EB61AABC-32C5-40FD-AE06-0A8037E627C3}.Debug|Any CPU.Build.0 = Debug|Any CPU
		{EB61AABC-32C5-40FD-AE06-0A8037E627C3}.Release|Any CPU.ActiveCfg = Release|Any CPU
		{EB61AABC-32C5-40FD-AE06-0A8037E627C3}.Release|Any CPU.Build.0 = Release|Any CPU
		{F7570471-8DFE-422A-8AE2-4558B43A9232}.Debug|Any CPU.ActiveCfg = Debug|Any CPU
		{F7570471-8DFE-422A-8AE2-4558B43A9232}.Debug|Any CPU.Build.0 = Debug|Any CPU
		{F7570471-8DFE-422A-8AE2-4558B43A9232}.Release|Any CPU.ActiveCfg = Release|Any CPU
		{F7570471-8DFE-422A-8AE2-4558B43A9232}.Release|Any CPU.Build.0 = Release|Any CPU
		{647CC213-9CAD-4140-8B20-F338CC210BE5}.Debug|Any CPU.ActiveCfg = Debug|Any CPU
		{647CC213-9CAD-4140-8B20-F338CC210BE5}.Debug|Any CPU.Build.0 = Debug|Any CPU
		{647CC213-9CAD-4140-8B20-F338CC210BE5}.Release|Any CPU.ActiveCfg = Release|Any CPU
		{647CC213-9CAD-4140-8B20-F338CC210BE5}.Release|Any CPU.Build.0 = Release|Any CPU
		{59A6A1D7-7A82-4475-AFE4-332E0BB656C9}.Debug|Any CPU.ActiveCfg = Debug|Any CPU
		{59A6A1D7-7A82-4475-AFE4-332E0BB656C9}.Debug|Any CPU.Build.0 = Debug|Any CPU
		{59A6A1D7-7A82-4475-AFE4-332E0BB656C9}.Release|Any CPU.ActiveCfg = Release|Any CPU
		{59A6A1D7-7A82-4475-AFE4-332E0BB656C9}.Release|Any CPU.Build.0 = Release|Any CPU
		{31D999D8-5351-4454-AD97-9FB6757156AF}.Debug|Any CPU.ActiveCfg = Debug|Any CPU
		{31D999D8-5351-4454-AD97-9FB6757156AF}.Debug|Any CPU.Build.0 = Debug|Any CPU
		{31D999D8-5351-4454-AD97-9FB6757156AF}.Release|Any CPU.ActiveCfg = Release|Any CPU
		{31D999D8-5351-4454-AD97-9FB6757156AF}.Release|Any CPU.Build.0 = Release|Any CPU
	EndGlobalSection
	GlobalSection(SolutionProperties) = preSolution
		HideSolutionNode = FALSE
	EndGlobalSection
	GlobalSection(NestedProjects) = preSolution
		{350360F1-F4B1-4553-A66E-8D8BA4A193BD} = {40CD9C94-E4C0-42AE-8A03-5A07294F126E}
		{C5057134-9796-42E7-92FE-5A8D2150508C} = {40CD9C94-E4C0-42AE-8A03-5A07294F126E}
		{571C6580-73A6-4445-8490-250ED3BDCDE3} = {7D21C3A8-D000-4724-9872-6A90C3D8FDB4}
		{EB61AABC-32C5-40FD-AE06-0A8037E627C3} = {7D21C3A8-D000-4724-9872-6A90C3D8FDB4}
		{F7570471-8DFE-422A-8AE2-4558B43A9232} = {7D0B424D-4EF8-4213-8777-D97F9DF3B2BF}
		{647CC213-9CAD-4140-8B20-F338CC210BE5} = {C41960DB-69EA-4009-B106-D24D4A6C45B1}
		{59A6A1D7-7A82-4475-AFE4-332E0BB656C9} = {F814353A-A1B2-4299-BE64-F2CBBB6E065E}
		{31D999D8-5351-4454-AD97-9FB6757156AF} = {D4926EB4-58EE-4738-AEF7-255F27B311C7}
	EndGlobalSection
	GlobalSection(ExtensibilityGlobals) = postSolution
		SolutionGuid = {C2810191-E4C0-482E-8C93-F52743A5E4E8}
	EndGlobalSection
EndGlobal
